
Microsoft Visual Studio Solution File, Format Version 12.00
# Visual Studio 2013
VisualStudioVersion = 12.0.31101.0
MinimumVisualStudioVersion = 10.0.40219.1
Project("{FAE04EC0-301F-11D3-BF4B-00C04F79EFBC}") = "ConsoleApplication4", "ConsoleApplication4\ConsoleApplication4.csproj", "{34893DF6-CDD0-4E87-B50C-7234A5C4460F}"
EndProject
Project("{FAE04EC0-301F-11D3-BF4B-00C04F79EFBC}") = "ProjectEuler", "ProjectEuler\ProjectEuler.csproj", "{28939E3E-F1B9-4E48-B4BF-E5FD9BAFBCDD}"
EndProject
Global
	GlobalSection(SolutionConfigurationPlatforms) = preSolution
		Debug|Any CPU = Debug|Any CPU
		Release|Any CPU = Release|Any CPU
	EndGlobalSection
	GlobalSection(ProjectConfigurationPlatforms) = postSolution
		{34893DF6-CDD0-4E87-B50C-7234A5C4460F}.Debug|Any CPU.ActiveCfg = Debug|Any CPU
		{34893DF6-CDD0-4E87-B50C-7234A5C4460F}.Debug|Any CPU.Build.0 = Debug|Any CPU
		{34893DF6-CDD0-4E87-B50C-7234A5C4460F}.Release|Any CPU.ActiveCfg = Release|Any CPU
		{34893DF6-CDD0-4E87-B50C-7234A5C4460F}.Release|Any CPU.Build.0 = Release|Any CPU
		{28939E3E-F1B9-4E48-B4BF-E5FD9BAFBCDD}.Debug|Any CPU.ActiveCfg = Debug|Any CPU
		{28939E3E-F1B9-4E48-B4BF-E5FD9BAFBCDD}.Debug|Any CPU.Build.0 = Debug|Any CPU
		{28939E3E-F1B9-4E48-B4BF-E5FD9BAFBCDD}.Release|Any CPU.ActiveCfg = Release|Any CPU
		{28939E3E-F1B9-4E48-B4BF-E5FD9BAFBCDD}.Release|Any CPU.Build.0 = Release|Any CPU
	EndGlobalSection
	GlobalSection(SolutionProperties) = preSolution
		HideSolutionNode = FALSE
	EndGlobalSection
EndGlobal
